
Microsoft Visual Studio Solution File, Format Version 12.00
# Visual Studio Version 16
VisualStudioVersion = 16.0.29418.71
MinimumVisualStudioVersion = 10.0.40219.1
Project("{8BC9CEB8-8B4A-11D0-8D11-00A0C91BC942}") = "SampleDLL", "SampleDLL\SampleDLL.vcxproj", "{5610A67E-AD31-4022-A3D8-A4060DCF86B6}"
EndProject
Project("{8BC9CEB8-8B4A-11D0-8D11-00A0C91BC942}") = "MathClient", "..\MathClient\MathClient\MathClient.vcxproj", "{45FD12E9-A56A-4006-BBFE-07E0C185A640}"
EndProject
Global
	GlobalSection(SolutionConfigurationPlatforms) = preSolution
		Debug|x64 = Debug|x64
		Debug|x86 = Debug|x86
		Release|x64 = Release|x64
		Release|x86 = Release|x86
	EndGlobalSection
	GlobalSection(ProjectConfigurationPlatforms) = postSolution
		{5610A67E-AD31-4022-A3D8-A4060DCF86B6}.Debug|x64.ActiveCfg = Debug|x64
		{5610A67E-AD31-4022-A3D8-A4060DCF86B6}.Debug|x64.Build.0 = Debug|x64
		{5610A67E-AD31-4022-A3D8-A4060DCF86B6}.Debug|x86.ActiveCfg = Debug|Win32
		{5610A67E-AD31-4022-A3D8-A4060DCF86B6}.Debug|x86.Build.0 = Debug|Win32
		{5610A67E-AD31-4022-A3D8-A4060DCF86B6}.Release|x64.ActiveCfg = Release|x64
		{5610A67E-AD31-4022-A3D8-A4060DCF86B6}.Release|x64.Build.0 = Release|x64
		{5610A67E-AD31-4022-A3D8-A4060DCF86B6}.Release|x86.ActiveCfg = Release|Win32
		{5610A67E-AD31-4022-A3D8-A4060DCF86B6}.Release|x86.Build.0 = Release|Win32
		{45FD12E9-A56A-4006-BBFE-07E0C185A640}.Debug|x64.ActiveCfg = Debug|x64
		{45FD12E9-A56A-4006-BBFE-07E0C185A640}.Debug|x64.Build.0 = Debug|x64
		{45FD12E9-A56A-4006-BBFE-07E0C185A640}.Debug|x86.ActiveCfg = Debug|Win32
		{45FD12E9-A56A-4006-BBFE-07E0C185A640}.Debug|x86.Build.0 = Debug|Win32
		{45FD12E9-A56A-4006-BBFE-07E0C185A640}.Release|x64.ActiveCfg = Release|x64
		{45FD12E9-A56A-4006-BBFE-07E0C185A640}.Release|x64.Build.0 = Release|x64
		{45FD12E9-A56A-4006-BBFE-07E0C185A640}.Release|x86.ActiveCfg = Release|Win32
		{45FD12E9-A56A-4006-BBFE-07E0C185A640}.Release|x86.Build.0 = Release|Win32
	EndGlobalSection
	GlobalSection(SolutionProperties) = preSolution
		HideSolutionNode = FALSE
	EndGlobalSection
	GlobalSection(ExtensibilityGlobals) = postSolution
		SolutionGuid = {CB56577B-3238-4314-B438-D53E77DB60FE}
	EndGlobalSection
EndGlobal
